
Microsoft Visual Studio Solution File, Format Version 12.00
# Visual Studio Version 17
VisualStudioVersion = 17.2.32616.157
MinimumVisualStudioVersion = 10.0.40219.1
Project("{FAE04EC0-301F-11D3-BF4B-00C04F79EFBC}") = "MarsQA", "MarsQA\MarsQA.csproj", "{138F92DC-B0BE-457E-A913-1E7AC160C656}"
EndProject
Global
	GlobalSection(SolutionConfigurationPlatforms) = preSolution
		Debug|Any CPU = Debug|Any CPU
		Release|Any CPU = Release|Any CPU
	EndGlobalSection
	GlobalSection(ProjectConfigurationPlatforms) = postSolution
		{138F92DC-B0BE-457E-A913-1E7AC160C656}.Debug|Any CPU.ActiveCfg = Debug|Any CPU
		{138F92DC-B0BE-457E-A913-1E7AC160C656}.Debug|Any CPU.Build.0 = Debug|Any CPU
		{138F92DC-B0BE-457E-A913-1E7AC160C656}.Release|Any CPU.ActiveCfg = Release|Any CPU
		{138F92DC-B0BE-457E-A913-1E7AC160C656}.Release|Any CPU.Build.0 = Release|Any CPU
	EndGlobalSection
	GlobalSection(SolutionProperties) = preSolution
		HideSolutionNode = FALSE
	EndGlobalSection
	GlobalSection(ExtensibilityGlobals) = postSolution
		SolutionGuid = {8ECA0246-8FF5-4A8E-98F4-C74690A9E87F}
	EndGlobalSection
EndGlobal
